
Microsoft Visual Studio Solution File, Format Version 12.00
# Visual Studio 15
VisualStudioVersion = 15.0.26403.7
MinimumVisualStudioVersion = 10.0.40219.1
Project("{FAE04EC0-301F-11D3-BF4B-00C04F79EFBC}") = "ModenFactory.ServicesApi", "ModelFactory.ServicesApi\ModenFactory.ServicesApi.csproj", "{C7C11537-FE59-410E-AF72-2405B50C797E}"
EndProject
Project("{E53339B2-1760-4266-BCC7-CA923CBCF16C}") = "docker-compose", "docker-compose.dcproj", "{7A458FE9-CE12-4901-A36C-92B26FF57C28}"
EndProject
Global
	GlobalSection(SolutionConfigurationPlatforms) = preSolution
		Debug|Any CPU = Debug|Any CPU
		Release|Any CPU = Release|Any CPU
	EndGlobalSection
	GlobalSection(ProjectConfigurationPlatforms) = postSolution
		{C7C11537-FE59-410E-AF72-2405B50C797E}.Debug|Any CPU.ActiveCfg = Debug|Any CPU
		{C7C11537-FE59-410E-AF72-2405B50C797E}.Debug|Any CPU.Build.0 = Debug|Any CPU
		{C7C11537-FE59-410E-AF72-2405B50C797E}.Release|Any CPU.ActiveCfg = Release|Any CPU
		{C7C11537-FE59-410E-AF72-2405B50C797E}.Release|Any CPU.Build.0 = Release|Any CPU
		{7A458FE9-CE12-4901-A36C-92B26FF57C28}.Debug|Any CPU.ActiveCfg = Debug|Any CPU
		{7A458FE9-CE12-4901-A36C-92B26FF57C28}.Debug|Any CPU.Build.0 = Debug|Any CPU
		{7A458FE9-CE12-4901-A36C-92B26FF57C28}.Release|Any CPU.ActiveCfg = Release|Any CPU
		{7A458FE9-CE12-4901-A36C-92B26FF57C28}.Release|Any CPU.Build.0 = Release|Any CPU
	EndGlobalSection
	GlobalSection(SolutionProperties) = preSolution
		HideSolutionNode = FALSE
	EndGlobalSection
EndGlobal
